
Microsoft Visual Studio Solution File, Format Version 12.00
# Visual Studio Version 16
VisualStudioVersion = 16.0.30621.155
MinimumVisualStudioVersion = 10.0.40219.1
Project("{9A19103F-16F7-4668-BE54-9A1E7A4F7556}") = "WorkingTimeCalculator", "WorkingTimeCalculator\WorkingTimeCalculator.csproj", "{683512B3-0E01-4638-BF18-14B3B6E63084}"
EndProject
Global
	GlobalSection(SolutionConfigurationPlatforms) = preSolution
		Debug|Any CPU = Debug|Any CPU
		Release|Any CPU = Release|Any CPU
	EndGlobalSection
	GlobalSection(ProjectConfigurationPlatforms) = postSolution
		{683512B3-0E01-4638-BF18-14B3B6E63084}.Debug|Any CPU.ActiveCfg = Debug|Any CPU
		{683512B3-0E01-4638-BF18-14B3B6E63084}.Debug|Any CPU.Build.0 = Debug|Any CPU
		{683512B3-0E01-4638-BF18-14B3B6E63084}.Release|Any CPU.ActiveCfg = Release|Any CPU
		{683512B3-0E01-4638-BF18-14B3B6E63084}.Release|Any CPU.Build.0 = Release|Any CPU
	EndGlobalSection
	GlobalSection(SolutionProperties) = preSolution
		HideSolutionNode = FALSE
	EndGlobalSection
	GlobalSection(ExtensibilityGlobals) = postSolution
		SolutionGuid = {F39EB4B2-DB0E-4544-87B8-5B189CED042C}
	EndGlobalSection
EndGlobal
